
Microsoft Visual Studio Solution File, Format Version 12.00
# Visual Studio Version 17
VisualStudioVersion = 17.0.31903.59
MinimumVisualStudioVersion = 10.0.40219.1
Project("{FAE04EC0-301F-11D3-BF4B-00C04F79EFBC}") = "MSQL", "MSQL.csproj", "{2062B240-7AFE-4568-90B6-6637A4B2036B}"
EndProject
Global
	GlobalSection(SolutionConfigurationPlatforms) = preSolution
		Debug|Any CPU = Debug|Any CPU
		Release|Any CPU = Release|Any CPU
	EndGlobalSection
	GlobalSection(ProjectConfigurationPlatforms) = postSolution
		{2062B240-7AFE-4568-90B6-6637A4B2036B}.Debug|Any CPU.ActiveCfg = Debug|Any CPU
		{2062B240-7AFE-4568-90B6-6637A4B2036B}.Debug|Any CPU.Build.0 = Debug|Any CPU
		{2062B240-7AFE-4568-90B6-6637A4B2036B}.Release|Any CPU.ActiveCfg = Release|Any CPU
		{2062B240-7AFE-4568-90B6-6637A4B2036B}.Release|Any CPU.Build.0 = Release|Any CPU
	EndGlobalSection
	GlobalSection(SolutionProperties) = preSolution
		HideSolutionNode = FALSE
	EndGlobalSection
	GlobalSection(ExtensibilityGlobals) = postSolution
		SolutionGuid = {2F3F045A-5092-4839-8C9A-CBCCDC681ECC}
	EndGlobalSection
EndGlobal
